
Microsoft Visual Studio Solution File, Format Version 12.00
# Visual Studio 15
VisualStudioVersion = 15.0.28307.106
MinimumVisualStudioVersion = 10.0.40219.1
Project("{9A19103F-16F7-4668-BE54-9A1E7A4F7556}") = "Common", "Common\Common.csproj", "{74C92BDD-AA89-4EEE-8024-461BFC6A0D88}"
EndProject
Project("{9A19103F-16F7-4668-BE54-9A1E7A4F7556}") = "Web.Api", "Web.Api\Web.Api.csproj", "{10AE16BC-AC73-4ED2-AC34-A4DD60E0E55A}"
EndProject
Project("{9A19103F-16F7-4668-BE54-9A1E7A4F7556}") = "Web.UI", "Web.UI\Web.UI.csproj", "{857B92AB-FD86-48D4-AF86-D000243064C0}"
EndProject
Project("{9A19103F-16F7-4668-BE54-9A1E7A4F7556}") = "Storage", "Storage\Storage.csproj", "{DB53BC98-FB7F-43F0-AEF9-93C34021042D}"
EndProject
Project("{2150E333-8FDC-42A3-9474-1A3956D46DE8}") = "Tests", "Tests", "{D23D93DB-B64C-490E-9909-2F345D892223}"
EndProject
Project("{9A19103F-16F7-4668-BE54-9A1E7A4F7556}") = "Storage.Test", "Storage.Test\Storage.Test.csproj", "{6225F525-3810-4610-8429-DDE3242EBEA5}"
EndProject
Project("{9A19103F-16F7-4668-BE54-9A1E7A4F7556}") = "Domain", "Domain\Domain.csproj", "{67317B94-8E2C-4581-9431-7F055D7264A9}"
EndProject
Project("{9A19103F-16F7-4668-BE54-9A1E7A4F7556}") = "Interfaces", "Interfaces\Interfaces.csproj", "{5CE2DF12-EB1E-41FD-9786-BFF57BACD45D}"
EndProject
Project("{9A19103F-16F7-4668-BE54-9A1E7A4F7556}") = "Models", "Models\Models.csproj", "{054BA045-6670-4F13-A95E-CF152F4BE492}"
EndProject
Global
	GlobalSection(SolutionConfigurationPlatforms) = preSolution
		Debug|Any CPU = Debug|Any CPU
		Release|Any CPU = Release|Any CPU
	EndGlobalSection
	GlobalSection(ProjectConfigurationPlatforms) = postSolution
		{74C92BDD-AA89-4EEE-8024-461BFC6A0D88}.Debug|Any CPU.ActiveCfg = Debug|Any CPU
		{74C92BDD-AA89-4EEE-8024-461BFC6A0D88}.Debug|Any CPU.Build.0 = Debug|Any CPU
		{74C92BDD-AA89-4EEE-8024-461BFC6A0D88}.Release|Any CPU.ActiveCfg = Release|Any CPU
		{74C92BDD-AA89-4EEE-8024-461BFC6A0D88}.Release|Any CPU.Build.0 = Release|Any CPU
		{10AE16BC-AC73-4ED2-AC34-A4DD60E0E55A}.Debug|Any CPU.ActiveCfg = Debug|Any CPU
		{10AE16BC-AC73-4ED2-AC34-A4DD60E0E55A}.Debug|Any CPU.Build.0 = Debug|Any CPU
		{10AE16BC-AC73-4ED2-AC34-A4DD60E0E55A}.Release|Any CPU.ActiveCfg = Release|Any CPU
		{10AE16BC-AC73-4ED2-AC34-A4DD60E0E55A}.Release|Any CPU.Build.0 = Release|Any CPU
		{857B92AB-FD86-48D4-AF86-D000243064C0}.Debug|Any CPU.ActiveCfg = Debug|Any CPU
		{857B92AB-FD86-48D4-AF86-D000243064C0}.Debug|Any CPU.Build.0 = Debug|Any CPU
		{857B92AB-FD86-48D4-AF86-D000243064C0}.Release|Any CPU.ActiveCfg = Release|Any CPU
		{857B92AB-FD86-48D4-AF86-D000243064C0}.Release|Any CPU.Build.0 = Release|Any CPU
		{DB53BC98-FB7F-43F0-AEF9-93C34021042D}.Debug|Any CPU.ActiveCfg = Debug|Any CPU
		{DB53BC98-FB7F-43F0-AEF9-93C34021042D}.Debug|Any CPU.Build.0 = Debug|Any CPU
		{DB53BC98-FB7F-43F0-AEF9-93C34021042D}.Release|Any CPU.ActiveCfg = Release|Any CPU
		{DB53BC98-FB7F-43F0-AEF9-93C34021042D}.Release|Any CPU.Build.0 = Release|Any CPU
		{6225F525-3810-4610-8429-DDE3242EBEA5}.Debug|Any CPU.ActiveCfg = Debug|Any CPU
		{6225F525-3810-4610-8429-DDE3242EBEA5}.Debug|Any CPU.Build.0 = Debug|Any CPU
		{6225F525-3810-4610-8429-DDE3242EBEA5}.Release|Any CPU.ActiveCfg = Release|Any CPU
		{6225F525-3810-4610-8429-DDE3242EBEA5}.Release|Any CPU.Build.0 = Release|Any CPU
		{67317B94-8E2C-4581-9431-7F055D7264A9}.Debug|Any CPU.ActiveCfg = Debug|Any CPU
		{67317B94-8E2C-4581-9431-7F055D7264A9}.Debug|Any CPU.Build.0 = Debug|Any CPU
		{67317B94-8E2C-4581-9431-7F055D7264A9}.Release|Any CPU.ActiveCfg = Release|Any CPU
		{67317B94-8E2C-4581-9431-7F055D7264A9}.Release|Any CPU.Build.0 = Release|Any CPU
		{5CE2DF12-EB1E-41FD-9786-BFF57BACD45D}.Debug|Any CPU.ActiveCfg = Debug|Any CPU
		{5CE2DF12-EB1E-41FD-9786-BFF57BACD45D}.Debug|Any CPU.Build.0 = Debug|Any CPU
		{5CE2DF12-EB1E-41FD-9786-BFF57BACD45D}.Release|Any CPU.ActiveCfg = Release|Any CPU
		{5CE2DF12-EB1E-41FD-9786-BFF57BACD45D}.Release|Any CPU.Build.0 = Release|Any CPU
		{054BA045-6670-4F13-A95E-CF152F4BE492}.Debug|Any CPU.ActiveCfg = Debug|Any CPU
		{054BA045-6670-4F13-A95E-CF152F4BE492}.Debug|Any CPU.Build.0 = Debug|Any CPU
		{054BA045-6670-4F13-A95E-CF152F4BE492}.Release|Any CPU.ActiveCfg = Release|Any CPU
		{054BA045-6670-4F13-A95E-CF152F4BE492}.Release|Any CPU.Build.0 = Release|Any CPU
	EndGlobalSection
	GlobalSection(SolutionProperties) = preSolution
		HideSolutionNode = FALSE
	EndGlobalSection
	GlobalSection(ExtensibilityGlobals) = postSolution
		SolutionGuid = {50A7E26D-05C5-466C-B535-BA973F95F9FC}
	EndGlobalSection
EndGlobal
